// !$*UTF8*$!
{
	archiveVersion = 1;
	classes = {
	};
	objectVersion = 56;
	objects = {

/* Begin PBXBuildFile section */
		CE28FDFA2CED023500263183 /* Float + Extension.swift in Sources */ = {isa = PBXBuildFile; fileRef = CE28FDF92CED023500263183 /* Float + Extension.swift */; };
		CE28FDFC2CED0EC200263183 /* WeatherImage.swift in Sources */ = {isa = PBXBuildFile; fileRef = CE28FDFB2CED0EC200263183 /* WeatherImage.swift */; };
		CE8A65882CEA69A600CF2C62 /* Api.swift in Sources */ = {isa = PBXBuildFile; fileRef = CE8A65872CEA69A600CF2C62 /* Api.swift */; };
		CE8A658B2CEA69FE00CF2C62 /* WeatherNetwork.swift in Sources */ = {isa = PBXBuildFile; fileRef = CE8A658A2CEA69FE00CF2C62 /* WeatherNetwork.swift */; };
		CE8A658D2CEA6A1F00CF2C62 /* WeatherModel.swift in Sources */ = {isa = PBXBuildFile; fileRef = CE8A658C2CEA6A1F00CF2C62 /* WeatherModel.swift */; };
		CE96CCFA2CE66CBE002B655B /* AppDelegate.swift in Sources */ = {isa = PBXBuildFile; fileRef = CE96CCF92CE66CBE002B655B /* AppDelegate.swift */; };
		CE96CCFC2CE66CBE002B655B /* SceneDelegate.swift in Sources */ = {isa = PBXBuildFile; fileRef = CE96CCFB2CE66CBE002B655B /* SceneDelegate.swift */; };
		CE96CCFE2CE66CBE002B655B /* MainViewController.swift in Sources */ = {isa = PBXBuildFile; fileRef = CE96CCFD2CE66CBE002B655B /* MainViewController.swift */; };
		CE96CD062CE66CC0002B655B /* Assets.xcassets in Resources */ = {isa = PBXBuildFile; fileRef = CE96CD052CE66CC0002B655B /* Assets.xcassets */; };
		CE96CD092CE66CC0002B655B /* LaunchScreen.storyboard in Resources */ = {isa = PBXBuildFile; fileRef = CE96CD072CE66CC0002B655B /* LaunchScreen.storyboard */; };
		CEB631992CE88916005AB0E7 /* UILabel + Extension.swift in Sources */ = {isa = PBXBuildFile; fileRef = CEB631982CE88916005AB0E7 /* UILabel + Extension.swift */; };
/* End PBXBuildFile section */

/* Begin PBXFileReference section */
		CE28FDF92CED023500263183 /* Float + Extension.swift */ = {isa = PBXFileReference; lastKnownFileType = sourcecode.swift; path = "Float + Extension.swift"; sourceTree = "<group>"; };
		CE28FDFB2CED0EC200263183 /* WeatherImage.swift */ = {isa = PBXFileReference; lastKnownFileType = sourcecode.swift; path = WeatherImage.swift; sourceTree = "<group>"; };
		CE8A65872CEA69A600CF2C62 /* Api.swift */ = {isa = PBXFileReference; lastKnownFileType = sourcecode.swift; path = Api.swift; sourceTree = "<group>"; };
		CE8A658A2CEA69FE00CF2C62 /* WeatherNetwork.swift */ = {isa = PBXFileReference; lastKnownFileType = sourcecode.swift; path = WeatherNetwork.swift; sourceTree = "<group>"; };
		CE8A658C2CEA6A1F00CF2C62 /* WeatherModel.swift */ = {isa = PBXFileReference; lastKnownFileType = sourcecode.swift; path = WeatherModel.swift; sourceTree = "<group>"; };
		CE96CCF62CE66CBE002B655B /* SimpleWeather.app */ = {isa = PBXFileReference; explicitFileType = wrapper.application; includeInIndex = 0; path = SimpleWeather.app; sourceTree = BUILT_PRODUCTS_DIR; };
		CE96CCF92CE66CBE002B655B /* AppDelegate.swift */ = {isa = PBXFileReference; lastKnownFileType = sourcecode.swift; path = AppDelegate.swift; sourceTree = "<group>"; };
		CE96CCFB2CE66CBE002B655B /* SceneDelegate.swift */ = {isa = PBXFileReference; lastKnownFileType = sourcecode.swift; path = SceneDelegate.swift; sourceTree = "<group>"; };
		CE96CCFD2CE66CBE002B655B /* MainViewController.swift */ = {isa = PBXFileReference; lastKnownFileType = sourcecode.swift; path = MainViewController.swift; sourceTree = "<group>"; };
		CE96CD052CE66CC0002B655B /* Assets.xcassets */ = {isa = PBXFileReference; lastKnownFileType = folder.assetcatalog; path = Assets.xcassets; sourceTree = "<group>"; };
		CE96CD082CE66CC0002B655B /* Base */ = {isa = PBXFileReference; lastKnownFileType = file.storyboard; name = Base; path = Base.lproj/LaunchScreen.storyboard; sourceTree = "<group>"; };
		CE96CD0A2CE66CC0002B655B /* Info.plist */ = {isa = PBXFileReference; lastKnownFileType = text.plist.xml; path = Info.plist; sourceTree = "<group>"; };
		CEB631982CE88916005AB0E7 /* UILabel + Extension.swift */ = {isa = PBXFileReference; lastKnownFileType = sourcecode.swift; path = "UILabel + Extension.swift"; sourceTree = "<group>"; };
/* End PBXFileReference section */

/* Begin PBXFrameworksBuildPhase section */
		CE96CCF32CE66CBE002B655B /* Frameworks */ = {
			isa = PBXFrameworksBuildPhase;
			buildActionMask = 2147483647;
			files = (
			);
			runOnlyForDeploymentPostprocessing = 0;
		};
/* End PBXFrameworksBuildPhase section */

/* Begin PBXGroup section */
		CE8A65832CEA690B00CF2C62 /* Application */ = {
			isa = PBXGroup;
			children = (
				CE96CCF92CE66CBE002B655B /* AppDelegate.swift */,
				CE96CCFB2CE66CBE002B655B /* SceneDelegate.swift */,
			);
			path = Application;
			sourceTree = "<group>";
		};
		CE8A65842CEA692100CF2C62 /* Controllers */ = {
			isa = PBXGroup;
			children = (
				CE96CCFD2CE66CBE002B655B /* MainViewController.swift */,
			);
			path = Controllers;
			sourceTree = "<group>";
		};
		CE8A65852CEA694700CF2C62 /* Resource */ = {
			isa = PBXGroup;
			children = (
				CE96CD052CE66CC0002B655B /* Assets.xcassets */,
				CE96CD072CE66CC0002B655B /* LaunchScreen.storyboard */,
			);
			path = Resource;
			sourceTree = "<group>";
		};
		CE8A65862CEA697500CF2C62 /* Helpers */ = {
			isa = PBXGroup;
			children = (
				CEB631982CE88916005AB0E7 /* UILabel + Extension.swift */,
				CE28FDF92CED023500263183 /* Float + Extension.swift */,
			);
			path = Helpers;
			sourceTree = "<group>";
		};
		CE8A65892CEA69C700CF2C62 /* Network */ = {
			isa = PBXGroup;
			children = (
				CE8A65872CEA69A600CF2C62 /* Api.swift */,
				CE8A658A2CEA69FE00CF2C62 /* WeatherNetwork.swift */,
				CE8A658C2CEA6A1F00CF2C62 /* WeatherModel.swift */,
				CE28FDFB2CED0EC200263183 /* WeatherImage.swift */,
			);
			path = Network;
			sourceTree = "<group>";
		};
		CE96CCED2CE66CBE002B655B = {
			isa = PBXGroup;
			children = (
				CE96CCF82CE66CBE002B655B /* SimpleWeather */,
				CE96CCF72CE66CBE002B655B /* Products */,
			);
			sourceTree = "<group>";
		};
		CE96CCF72CE66CBE002B655B /* Products */ = {
			isa = PBXGroup;
			children = (
				CE96CCF62CE66CBE002B655B /* SimpleWeather.app */,
			);
			name = Products;
			sourceTree = "<group>";
		};
		CE96CCF82CE66CBE002B655B /* SimpleWeather */ = {
			isa = PBXGroup;
			children = (
				CE8A65832CEA690B00CF2C62 /* Application */,
				CE8A65842CEA692100CF2C62 /* Controllers */,
				CE8A65852CEA694700CF2C62 /* Resource */,
				CE96CD0A2CE66CC0002B655B /* Info.plist */,
				CE8A65862CEA697500CF2C62 /* Helpers */,
				CE8A65892CEA69C700CF2C62 /* Network */,
			);
			path = SimpleWeather;
			sourceTree = "<group>";
		};
/* End PBXGroup section */

/* Begin PBXNativeTarget section */
		CE96CCF52CE66CBE002B655B /* SimpleWeather */ = {
			isa = PBXNativeTarget;
			buildConfigurationList = CE96CD0D2CE66CC0002B655B /* Build configuration list for PBXNativeTarget "SimpleWeather" */;
			buildPhases = (
				CE96CCF22CE66CBE002B655B /* Sources */,
				CE96CCF32CE66CBE002B655B /* Frameworks */,
				CE96CCF42CE66CBE002B655B /* Resources */,
			);
			buildRules = (
			);
			dependencies = (
			);
			name = SimpleWeather;
			productName = SimpleWeather;
			productReference = CE96CCF62CE66CBE002B655B /* SimpleWeather.app */;
			productType = "com.apple.product-type.application";
		};
/* End PBXNativeTarget section */

/* Begin PBXProject section */
		CE96CCEE2CE66CBE002B655B /* Project object */ = {
			isa = PBXProject;
			attributes = {
				BuildIndependentTargetsInParallel = 1;
				LastSwiftUpdateCheck = 1420;
				LastUpgradeCheck = 1420;
				TargetAttributes = {
					CE96CCF52CE66CBE002B655B = {
						CreatedOnToolsVersion = 14.2;
					};
				};
			};
			buildConfigurationList = CE96CCF12CE66CBE002B655B /* Build configuration list for PBXProject "SimpleWeather" */;
			compatibilityVersion = "Xcode 14.0";
			developmentRegion = en;
			hasScannedForEncodings = 0;
			knownRegions = (
				en,
				Base,
			);
			mainGroup = CE96CCED2CE66CBE002B655B;
			productRefGroup = CE96CCF72CE66CBE002B655B /* Products */;
			projectDirPath = "";
			projectRoot = "";
			targets = (
				CE96CCF52CE66CBE002B655B /* SimpleWeather */,
			);
		};
/* End PBXProject section */

/* Begin PBXResourcesBuildPhase section */
		CE96CCF42CE66CBE002B655B /* Resources */ = {
			isa = PBXResourcesBuildPhase;
			buildActionMask = 2147483647;
			files = (
				CE96CD092CE66CC0002B655B /* LaunchScreen.storyboard in Resources */,
				CE96CD062CE66CC0002B655B /* Assets.xcassets in Resources */,
			);
			runOnlyForDeploymentPostprocessing = 0;
		};
/* End PBXResourcesBuildPhase section */

/* Begin PBXSourcesBuildPhase section */
		CE96CCF22CE66CBE002B655B /* Sources */ = {
			isa = PBXSourcesBuildPhase;
			buildActionMask = 2147483647;
			files = (
				CE28FDFA2CED023500263183 /* Float + Extension.swift in Sources */,
				CEB631992CE88916005AB0E7 /* UILabel + Extension.swift in Sources */,
				CE96CCFE2CE66CBE002B655B /* MainViewController.swift in Sources */,
				CE96CCFA2CE66CBE002B655B /* AppDelegate.swift in Sources */,
				CE8A658D2CEA6A1F00CF2C62 /* WeatherModel.swift in Sources */,
				CE8A65882CEA69A600CF2C62 /* Api.swift in Sources */,
				CE96CCFC2CE66CBE002B655B /* SceneDelegate.swift in Sources */,
				CE8A658B2CEA69FE00CF2C62 /* WeatherNetwork.swift in Sources */,
				CE28FDFC2CED0EC200263183 /* WeatherImage.swift in Sources */,
			);
			runOnlyForDeploymentPostprocessing = 0;
		};
/* End PBXSourcesBuildPhase section */

/* Begin PBXVariantGroup section */
		CE96CD072CE66CC0002B655B /* LaunchScreen.storyboard */ = {
			isa = PBXVariantGroup;
			children = (
				CE96CD082CE66CC0002B655B /* Base */,
			);
			name = LaunchScreen.storyboard;
			sourceTree = "<group>";
		};
/* End PBXVariantGroup section */

/* Begin XCBuildConfiguration section */
		CE96CD0B2CE66CC0002B655B /* Debug */ = {
			isa = XCBuildConfiguration;
			buildSettings = {
				ALWAYS_SEARCH_USER_PATHS = NO;
				CLANG_ANALYZER_NONNULL = YES;
				CLANG_ANALYZER_NUMBER_OBJECT_CONVERSION = YES_AGGRESSIVE;
				CLANG_CXX_LANGUAGE_STANDARD = "gnu++20";
				CLANG_ENABLE_MODULES = YES;
				CLANG_ENABLE_OBJC_ARC = YES;
				CLANG_ENABLE_OBJC_WEAK = YES;
				CLANG_WARN_BLOCK_CAPTURE_AUTORELEASING = YES;
				CLANG_WARN_BOOL_CONVERSION = YES;
				CLANG_WARN_COMMA = YES;
				CLANG_WARN_CONSTANT_CONVERSION = YES;
				CLANG_WARN_DEPRECATED_OBJC_IMPLEMENTATIONS = YES;
				CLANG_WARN_DIRECT_OBJC_ISA_USAGE = YES_ERROR;
				CLANG_WARN_DOCUMENTATION_COMMENTS = YES;
				CLANG_WARN_EMPTY_BODY = YES;
				CLANG_WARN_ENUM_CONVERSION = YES;
				CLANG_WARN_INFINITE_RECURSION = YES;
				CLANG_WARN_INT_CONVERSION = YES;
				CLANG_WARN_NON_LITERAL_NULL_CONVERSION = YES;
				CLANG_WARN_OBJC_IMPLICIT_RETAIN_SELF = YES;
				CLANG_WARN_OBJC_LITERAL_CONVERSION = YES;
				CLANG_WARN_OBJC_ROOT_CLASS = YES_ERROR;
				CLANG_WARN_QUOTED_INCLUDE_IN_FRAMEWORK_HEADER = YES;
				CLANG_WARN_RANGE_LOOP_ANALYSIS = YES;
				CLANG_WARN_STRICT_PROTOTYPES = YES;
				CLANG_WARN_SUSPICIOUS_MOVE = YES;
				CLANG_WARN_UNGUARDED_AVAILABILITY = YES_AGGRESSIVE;
				CLANG_WARN_UNREACHABLE_CODE = YES;
				CLANG_WARN__DUPLICATE_METHOD_MATCH = YES;
				COPY_PHASE_STRIP = NO;
				DEBUG_INFORMATION_FORMAT = dwarf;
				ENABLE_STRICT_OBJC_MSGSEND = YES;
				ENABLE_TESTABILITY = YES;
				GCC_C_LANGUAGE_STANDARD = gnu11;
				GCC_DYNAMIC_NO_PIC = NO;
				GCC_NO_COMMON_BLOCKS = YES;
				GCC_OPTIMIZATION_LEVEL = 0;
				GCC_PREPROCESSOR_DEFINITIONS = (
					"DEBUG=1",
					"$(inherited)",
				);
				GCC_WARN_64_TO_32_BIT_CONVERSION = YES;
				GCC_WARN_ABOUT_RETURN_TYPE = YES_ERROR;
				GCC_WARN_UNDECLARED_SELECTOR = YES;
				GCC_WARN_UNINITIALIZED_AUTOS = YES_AGGRESSIVE;
				GCC_WARN_UNUSED_FUNCTION = YES;
				GCC_WARN_UNUSED_VARIABLE = YES;
				IPHONEOS_DEPLOYMENT_TARGET = 16.2;
				MTL_ENABLE_DEBUG_INFO = INCLUDE_SOURCE;
				MTL_FAST_MATH = YES;
				ONLY_ACTIVE_ARCH = YES;
				SDKROOT = iphoneos;
				SWIFT_ACTIVE_COMPILATION_CONDITIONS = DEBUG;
				SWIFT_OPTIMIZATION_LEVEL = "-Onone";
			};
			name = Debug;
		};
		CE96CD0C2CE66CC0002B655B /* Release */ = {
			isa = XCBuildConfiguration;
			buildSettings = {
				ALWAYS_SEARCH_USER_PATHS = NO;
				CLANG_ANALYZER_NONNULL = YES;
				CLANG_ANALYZER_NUMBER_OBJECT_CONVERSION = YES_AGGRESSIVE;
				CLANG_CXX_LANGUAGE_STANDARD = "gnu++20";
				CLANG_ENABLE_MODULES = YES;
				CLANG_ENABLE_OBJC_ARC = YES;
				CLANG_ENABLE_OBJC_WEAK = YES;
				CLANG_WARN_BLOCK_CAPTURE_AUTORELEASING = YES;
				CLANG_WARN_BOOL_CONVERSION = YES;
				CLANG_WARN_COMMA = YES;
				CLANG_WARN_CONSTANT_CONVERSION = YES;
				CLANG_WARN_DEPRECATED_OBJC_IMPLEMENTATIONS = YES;
				CLANG_WARN_DIRECT_OBJC_ISA_USAGE = YES_ERROR;
				CLANG_WARN_DOCUMENTATION_COMMENTS = YES;
				CLANG_WARN_EMPTY_BODY = YES;
				CLANG_WARN_ENUM_CONVERSION = YES;
				CLANG_WARN_INFINITE_RECURSION = YES;
				CLANG_WARN_INT_CONVERSION = YES;
				CLANG_WARN_NON_LITERAL_NULL_CONVERSION = YES;
				CLANG_WARN_OBJC_IMPLICIT_RETAIN_SELF = YES;
				CLANG_WARN_OBJC_LITERAL_CONVERSION = YES;
				CLANG_WARN_OBJC_ROOT_CLASS = YES_ERROR;
				CLANG_WARN_QUOTED_INCLUDE_IN_FRAMEWORK_HEADER = YES;
				CLANG_WARN_RANGE_LOOP_ANALYSIS = YES;
				CLANG_WARN_STRICT_PROTOTYPES = YES;
				CLANG_WARN_SUSPICIOUS_MOVE = YES;
				CLANG_WARN_UNGUARDED_AVAILABILITY = YES_AGGRESSIVE;
				CLANG_WARN_UNREACHABLE_CODE = YES;
				CLANG_WARN__DUPLICATE_METHOD_MATCH = YES;
				COPY_PHASE_STRIP = NO;
				DEBUG_INFORMATION_FORMAT = "dwarf-with-dsym";
				ENABLE_NS_ASSERTIONS = NO;
				ENABLE_STRICT_OBJC_MSGSEND = YES;
				GCC_C_LANGUAGE_STANDARD = gnu11;
				GCC_NO_COMMON_BLOCKS = YES;
				GCC_WARN_64_TO_32_BIT_CONVERSION = YES;
				GCC_WARN_ABOUT_RETURN_TYPE = YES_ERROR;
				GCC_WARN_UNDECLARED_SELECTOR = YES;
				GCC_WARN_UNINITIALIZED_AUTOS = YES_AGGRESSIVE;
				GCC_WARN_UNUSED_FUNCTION = YES;
				GCC_WARN_UNUSED_VARIABLE = YES;
				IPHONEOS_DEPLOYMENT_TARGET = 16.2;
				MTL_ENABLE_DEBUG_INFO = NO;
				MTL_FAST_MATH = YES;
				SDKROOT = iphoneos;
				SWIFT_COMPILATION_MODE = wholemodule;
				SWIFT_OPTIMIZATION_LEVEL = "-O";
				VALIDATE_PRODUCT = YES;
			};
			name = Release;
		};
		CE96CD0E2CE66CC0002B655B /* Debug */ = {
			isa = XCBuildConfiguration;
			buildSettings = {
				ASSETCATALOG_COMPILER_APPICON_NAME = AppIcon;
				ASSETCATALOG_COMPILER_GLOBAL_ACCENT_COLOR_NAME = AccentColor;
				CODE_SIGN_STYLE = Automatic;
				CURRENT_PROJECT_VERSION = 1;
				DEVELOPMENT_TEAM = 3B4857HXNH;
				GENERATE_INFOPLIST_FILE = YES;
				INFOPLIST_FILE = SimpleWeather/Info.plist;
				INFOPLIST_KEY_UIApplicationSupportsIndirectInputEvents = YES;
				INFOPLIST_KEY_UILaunchStoryboardName = LaunchScreen;
				INFOPLIST_KEY_UIMainStoryboardFile = "";
				INFOPLIST_KEY_UISupportedInterfaceOrientations_iPad = "UIInterfaceOrientationPortrait UIInterfaceOrientationPortraitUpsideDown UIInterfaceOrientationLandscapeLeft UIInterfaceOrientationLandscapeRight";
				INFOPLIST_KEY_UISupportedInterfaceOrientations_iPhone = "UIInterfaceOrientationPortrait UIInterfaceOrientationLandscapeLeft UIInterfaceOrientationLandscapeRight";
				LD_RUNPATH_SEARCH_PATHS = (
					"$(inherited)",
					"@executable_path/Frameworks",
				);
				MARKETING_VERSION = 1.0;
				PRODUCT_BUNDLE_IDENTIFIER = com.SimpleWeather;
				PRODUCT_NAME = "$(TARGET_NAME)";
				SWIFT_EMIT_LOC_STRINGS = YES;
				SWIFT_VERSION = 5.0;
				TARGETED_DEVICE_FAMILY = "1,2";
			};
			name = Debug;
		};
		CE96CD0F2CE66CC0002B655B /* Release */ = {
			isa = XCBuildConfiguration;
			buildSettings = {
				ASSETCATALOG_COMPILER_APPICON_NAME = AppIcon;
				ASSETCATALOG_COMPILER_GLOBAL_ACCENT_COLOR_NAME = AccentColor;
				CODE_SIGN_STYLE = Automatic;
				CURRENT_PROJECT_VERSION = 1;
				DEVELOPMENT_TEAM = 3B4857HXNH;
				GENERATE_INFOPLIST_FILE = YES;
				INFOPLIST_FILE = SimpleWeather/Info.plist;
				INFOPLIST_KEY_UIApplicationSupportsIndirectInputEvents = YES;
				INFOPLIST_KEY_UILaunchStoryboardName = LaunchScreen;
				INFOPLIST_KEY_UIMainStoryboardFile = "";
				INFOPLIST_KEY_UISupportedInterfaceOrientations_iPad = "UIInterfaceOrientationPortrait UIInterfaceOrientationPortraitUpsideDown UIInterfaceOrientationLandscapeLeft UIInterfaceOrientationLandscapeRight";
				INFOPLIST_KEY_UISupportedInterfaceOrientations_iPhone = "UIInterfaceOrientationPortrait UIInterfaceOrientationLandscapeLeft UIInterfaceOrientationLandscapeRight";
				LD_RUNPATH_SEARCH_PATHS = (
					"$(inherited)",
					"@executable_path/Frameworks",
				);
				MARKETING_VERSION = 1.0;
				PRODUCT_BUNDLE_IDENTIFIER = com.SimpleWeather;
				PRODUCT_NAME = "$(TARGET_NAME)";
				SWIFT_EMIT_LOC_STRINGS = YES;
				SWIFT_VERSION = 5.0;
				TARGETED_DEVICE_FAMILY = "1,2";
			};
			name = Release;
		};
/* End XCBuildConfiguration section */

/* Begin XCConfigurationList section */
		CE96CCF12CE66CBE002B655B /* Build configuration list for PBXProject "SimpleWeather" */ = {
			isa = XCConfigurationList;
			buildConfigurations = (
				CE96CD0B2CE66CC0002B655B /* Debug */,
				CE96CD0C2CE66CC0002B655B /* Release */,
			);
			defaultConfigurationIsVisible = 0;
			defaultConfigurationName = Release;
		};
		CE96CD0D2CE66CC0002B655B /* Build configuration list for PBXNativeTarget "SimpleWeather" */ = {
			isa = XCConfigurationList;
			buildConfigurations = (
				CE96CD0E2CE66CC0002B655B /* Debug */,
				CE96CD0F2CE66CC0002B655B /* Release */,
			);
			defaultConfigurationIsVisible = 0;
			defaultConfigurationName = Release;
		};
/* End XCConfigurationList section */
	};
	rootObject = CE96CCEE2CE66CBE002B655B /* Project object */;
}
